
Microsoft Visual Studio Solution File, Format Version 12.00
# Visual Studio Version 16
VisualStudioVersion = 16.0.31410.357
MinimumVisualStudioVersion = 10.0.40219.1
Project("{FAE04EC0-301F-11D3-BF4B-00C04F79EFBC}") = "HelloWorld", "HelloWorld\HelloWorld.csproj", "{051A8303-EB73-4B3C-B770-388DFB8FAEBB}"
EndProject
Global
	GlobalSection(SolutionConfigurationPlatforms) = preSolution
		Debug|Any CPU = Debug|Any CPU
		Release|Any CPU = Release|Any CPU
	EndGlobalSection
	GlobalSection(ProjectConfigurationPlatforms) = postSolution
		{051A8303-EB73-4B3C-B770-388DFB8FAEBB}.Debug|Any CPU.ActiveCfg = Debug|Any CPU
		{051A8303-EB73-4B3C-B770-388DFB8FAEBB}.Debug|Any CPU.Build.0 = Debug|Any CPU
		{051A8303-EB73-4B3C-B770-388DFB8FAEBB}.Release|Any CPU.ActiveCfg = Release|Any CPU
		{051A8303-EB73-4B3C-B770-388DFB8FAEBB}.Release|Any CPU.Build.0 = Release|Any CPU
	EndGlobalSection
	GlobalSection(SolutionProperties) = preSolution
		HideSolutionNode = FALSE
	EndGlobalSection
	GlobalSection(ExtensibilityGlobals) = postSolution
		SolutionGuid = {B4157539-E1C3-406F-87C8-0B7AC570C145}
	EndGlobalSection
EndGlobal
